
Microsoft Visual Studio Solution File, Format Version 12.00
# Visual Studio Version 17
VisualStudioVersion = 17.4.33110.190
MinimumVisualStudioVersion = 10.0.40219.1
Project("{FAE04EC0-301F-11D3-BF4B-00C04F79EFBC}") = "InferColumnsSQL", "InferColumnsSQL\InferColumnsSQL.csproj", "{567B08CE-9790-4DC4-8F13-9BCD46DF5835}"
EndProject
Global
	GlobalSection(SolutionConfigurationPlatforms) = preSolution
		Debug|Any CPU = Debug|Any CPU
		Release|Any CPU = Release|Any CPU
	EndGlobalSection
	GlobalSection(ProjectConfigurationPlatforms) = postSolution
		{567B08CE-9790-4DC4-8F13-9BCD46DF5835}.Debug|Any CPU.ActiveCfg = Debug|Any CPU
		{567B08CE-9790-4DC4-8F13-9BCD46DF5835}.Debug|Any CPU.Build.0 = Debug|Any CPU
		{567B08CE-9790-4DC4-8F13-9BCD46DF5835}.Release|Any CPU.ActiveCfg = Release|Any CPU
		{567B08CE-9790-4DC4-8F13-9BCD46DF5835}.Release|Any CPU.Build.0 = Release|Any CPU
	EndGlobalSection
	GlobalSection(SolutionProperties) = preSolution
		HideSolutionNode = FALSE
	EndGlobalSection
	GlobalSection(ExtensibilityGlobals) = postSolution
		SolutionGuid = {34ECF308-2866-41DC-9384-9287124A02F3}
	EndGlobalSection
EndGlobal
